
Microsoft Visual Studio Solution File, Format Version 12.00
# Visual Studio Version 17
VisualStudioVersion = 17.5.002.0
MinimumVisualStudioVersion = 10.0.40219.1
Project("{9A19103F-16F7-4668-BE54-9A1E7A4F7556}") = "Library", "Library\Library.csproj", "{E8B923AC-087C-4DCF-B61F-7D4A043AB2DC}"
EndProject
Project("{9A19103F-16F7-4668-BE54-9A1E7A4F7556}") = "Program", "Program\Program.csproj", "{F1B297F7-5992-4243-A71F-F3CD747E2725}"
EndProject
Global
	GlobalSection(SolutionConfigurationPlatforms) = preSolution
		Debug|Any CPU = Debug|Any CPU
		Release|Any CPU = Release|Any CPU
	EndGlobalSection
	GlobalSection(ProjectConfigurationPlatforms) = postSolution
		{E8B923AC-087C-4DCF-B61F-7D4A043AB2DC}.Debug|Any CPU.ActiveCfg = Debug|Any CPU
		{E8B923AC-087C-4DCF-B61F-7D4A043AB2DC}.Debug|Any CPU.Build.0 = Debug|Any CPU
		{E8B923AC-087C-4DCF-B61F-7D4A043AB2DC}.Release|Any CPU.ActiveCfg = Release|Any CPU
		{E8B923AC-087C-4DCF-B61F-7D4A043AB2DC}.Release|Any CPU.Build.0 = Release|Any CPU
		{F1B297F7-5992-4243-A71F-F3CD747E2725}.Debug|Any CPU.ActiveCfg = Debug|Any CPU
		{F1B297F7-5992-4243-A71F-F3CD747E2725}.Debug|Any CPU.Build.0 = Debug|Any CPU
		{F1B297F7-5992-4243-A71F-F3CD747E2725}.Release|Any CPU.ActiveCfg = Release|Any CPU
		{F1B297F7-5992-4243-A71F-F3CD747E2725}.Release|Any CPU.Build.0 = Release|Any CPU
	EndGlobalSection
	GlobalSection(SolutionProperties) = preSolution
		HideSolutionNode = FALSE
	EndGlobalSection
	GlobalSection(ExtensibilityGlobals) = postSolution
		SolutionGuid = {BCEEE9DB-C955-470C-841C-08E5756C0D9E}
	EndGlobalSection
EndGlobal
